
Microsoft Visual Studio Solution File, Format Version 12.00
# Visual Studio Version 16
VisualStudioVersion = 16.0.30704.19
MinimumVisualStudioVersion = 10.0.40219.1
Project("{FAE04EC0-301F-11D3-BF4B-00C04F79EFBC}") = "WpfApp1", "WpfApp1.csproj", "{ACE38275-7163-45DF-A71A-96DDFF73D3FD}"
EndProject
Project("{FAE04EC0-301F-11D3-BF4B-00C04F79EFBC}") = "UnitTest", "..\UnitTest\UnitTest.csproj", "{F30460B2-71FB-4F71-8E37-CB79104D13C7}"
EndProject
Global
	GlobalSection(SolutionConfigurationPlatforms) = preSolution
		Debug|Any CPU = Debug|Any CPU
		Release|Any CPU = Release|Any CPU
	EndGlobalSection
	GlobalSection(ProjectConfigurationPlatforms) = postSolution
		{ACE38275-7163-45DF-A71A-96DDFF73D3FD}.Debug|Any CPU.ActiveCfg = Debug|Any CPU
		{ACE38275-7163-45DF-A71A-96DDFF73D3FD}.Debug|Any CPU.Build.0 = Debug|Any CPU
		{ACE38275-7163-45DF-A71A-96DDFF73D3FD}.Release|Any CPU.ActiveCfg = Release|Any CPU
		{ACE38275-7163-45DF-A71A-96DDFF73D3FD}.Release|Any CPU.Build.0 = Release|Any CPU
		{F30460B2-71FB-4F71-8E37-CB79104D13C7}.Debug|Any CPU.ActiveCfg = Debug|Any CPU
		{F30460B2-71FB-4F71-8E37-CB79104D13C7}.Debug|Any CPU.Build.0 = Debug|Any CPU
		{F30460B2-71FB-4F71-8E37-CB79104D13C7}.Release|Any CPU.ActiveCfg = Release|Any CPU
		{F30460B2-71FB-4F71-8E37-CB79104D13C7}.Release|Any CPU.Build.0 = Release|Any CPU
	EndGlobalSection
	GlobalSection(SolutionProperties) = preSolution
		HideSolutionNode = FALSE
	EndGlobalSection
	GlobalSection(ExtensibilityGlobals) = postSolution
		SolutionGuid = {CD183192-7584-4F6E-9E36-71DA63152A4E}
	EndGlobalSection
EndGlobal
